
Microsoft Visual Studio Solution File, Format Version 12.00
# Visual Studio Version 17
VisualStudioVersion = 17.14.36121.58
MinimumVisualStudioVersion = 10.0.40219.1
Project("{2150E333-8FDC-42A3-9474-1A3956D46DE8}") = "Services", "Services", "{02EA681E-C7D8-13C7-8484-4AC65E1B71E8}"
EndProject
Project("{2150E333-8FDC-42A3-9474-1A3956D46DE8}") = "Catalog", "Catalog", "{048CE245-4CFF-4A32-B719-1EF4032CE327}"
EndProject
Project("{FAE04EC0-301F-11D3-BF4B-00C04F79EFBC}") = "Catalog.API", "Services\Catalog\Catalog.API\Catalog.API.csproj", "{7C82254C-FEC2-4815-8531-EC8F9423FB61}"
EndProject
Project("{2150E333-8FDC-42A3-9474-1A3956D46DE8}") = "BuildingBlocks", "BuildingBlocks", "{476EDFCB-ED1D-4512-963D-D02C103FB0BD}"
EndProject
Project("{FAE04EC0-301F-11D3-BF4B-00C04F79EFBC}") = "BuildingBlocks", "BuildingBlocks\BuildingBlocks\BuildingBlocks.csproj", "{BFEB43F8-23FF-49DE-9E7B-5183390328F2}"
EndProject
Project("{E53339B2-1760-4266-BCC7-CA923CBCF16C}") = "docker-compose", "docker-compose.dcproj", "{81DDED9D-158B-E303-5F62-77A2896D2A5A}"
EndProject
Project("{2150E333-8FDC-42A3-9474-1A3956D46DE8}") = "Basket", "Basket", "{C01A96D0-F6B0-4207-AE34-939054521BE4}"
EndProject
Project("{FAE04EC0-301F-11D3-BF4B-00C04F79EFBC}") = "Basket.API", "Services\Basket\Basket.API\Basket.API.csproj", "{7FC937BC-57E6-4D90-AB7B-A1F461468E70}"
EndProject
Project("{2150E333-8FDC-42A3-9474-1A3956D46DE8}") = "Discount", "Discount", "{FFFDACE0-90D2-40D1-9B04-55B1855D2F75}"
EndProject
Project("{FAE04EC0-301F-11D3-BF4B-00C04F79EFBC}") = "Discount.Grpc", "Services\Discount\Discount.Grpc\Discount.Grpc.csproj", "{96A0D04D-8D9C-445C-BEFE-2F66115B6527}"
EndProject
Project("{2150E333-8FDC-42A3-9474-1A3956D46DE8}") = "Ordering", "Ordering", "{6C16C292-D848-4F78-9C38-1A14180AA6B7}"
EndProject
Project("{FAE04EC0-301F-11D3-BF4B-00C04F79EFBC}") = "Ordering.API", "Services\Ordering\Ordering.API\Ordering.API.csproj", "{AC832C4C-B241-41BB-891B-9D2232117F98}"
EndProject
Project("{FAE04EC0-301F-11D3-BF4B-00C04F79EFBC}") = "Ordering.Domain", "Services\Ordering\Ordering.Domain\Ordering.Domain.csproj", "{F6879622-E481-49D1-9C39-792A6FF8F4F6}"
EndProject
Project("{FAE04EC0-301F-11D3-BF4B-00C04F79EFBC}") = "Ordering.Application", "Services\Ordering\Ordering.Application\Ordering.Application.csproj", "{E4D2FE89-5211-4CD1-9AD8-E8E23BD87F1D}"
EndProject
Project("{FAE04EC0-301F-11D3-BF4B-00C04F79EFBC}") = "Ordering.Infrastructure", "Services\Ordering\Ordering.Infrastructure\Ordering.Infrastructure.csproj", "{C21CA39C-73A4-42E3-B173-AC8EF2EE3633}"
EndProject
Project("{FAE04EC0-301F-11D3-BF4B-00C04F79EFBC}") = "BuildingBlocks.Messaging", "BuildingBlocks\BuildingBlocks.Messaging\BuildingBlocks.Messaging.csproj", "{E917C9D3-1847-4A82-BA6F-4CE130AC2519}"
EndProject
Global
	GlobalSection(SolutionConfigurationPlatforms) = preSolution
		Debug|Any CPU = Debug|Any CPU
		Release|Any CPU = Release|Any CPU
	EndGlobalSection
	GlobalSection(ProjectConfigurationPlatforms) = postSolution
		{7C82254C-FEC2-4815-8531-EC8F9423FB61}.Debug|Any CPU.ActiveCfg = Debug|Any CPU
		{7C82254C-FEC2-4815-8531-EC8F9423FB61}.Debug|Any CPU.Build.0 = Debug|Any CPU
		{7C82254C-FEC2-4815-8531-EC8F9423FB61}.Release|Any CPU.ActiveCfg = Release|Any CPU
		{7C82254C-FEC2-4815-8531-EC8F9423FB61}.Release|Any CPU.Build.0 = Release|Any CPU
		{BFEB43F8-23FF-49DE-9E7B-5183390328F2}.Debug|Any CPU.ActiveCfg = Debug|Any CPU
		{BFEB43F8-23FF-49DE-9E7B-5183390328F2}.Debug|Any CPU.Build.0 = Debug|Any CPU
		{BFEB43F8-23FF-49DE-9E7B-5183390328F2}.Release|Any CPU.ActiveCfg = Release|Any CPU
		{BFEB43F8-23FF-49DE-9E7B-5183390328F2}.Release|Any CPU.Build.0 = Release|Any CPU
		{81DDED9D-158B-E303-5F62-77A2896D2A5A}.Debug|Any CPU.ActiveCfg = Debug|Any CPU
		{81DDED9D-158B-E303-5F62-77A2896D2A5A}.Debug|Any CPU.Build.0 = Debug|Any CPU
		{81DDED9D-158B-E303-5F62-77A2896D2A5A}.Release|Any CPU.ActiveCfg = Release|Any CPU
		{81DDED9D-158B-E303-5F62-77A2896D2A5A}.Release|Any CPU.Build.0 = Release|Any CPU
		{7FC937BC-57E6-4D90-AB7B-A1F461468E70}.Debug|Any CPU.ActiveCfg = Debug|Any CPU
		{7FC937BC-57E6-4D90-AB7B-A1F461468E70}.Debug|Any CPU.Build.0 = Debug|Any CPU
		{7FC937BC-57E6-4D90-AB7B-A1F461468E70}.Release|Any CPU.ActiveCfg = Release|Any CPU
		{7FC937BC-57E6-4D90-AB7B-A1F461468E70}.Release|Any CPU.Build.0 = Release|Any CPU
		{96A0D04D-8D9C-445C-BEFE-2F66115B6527}.Debug|Any CPU.ActiveCfg = Debug|Any CPU
		{96A0D04D-8D9C-445C-BEFE-2F66115B6527}.Debug|Any CPU.Build.0 = Debug|Any CPU
		{96A0D04D-8D9C-445C-BEFE-2F66115B6527}.Release|Any CPU.ActiveCfg = Release|Any CPU
		{96A0D04D-8D9C-445C-BEFE-2F66115B6527}.Release|Any CPU.Build.0 = Release|Any CPU
		{AC832C4C-B241-41BB-891B-9D2232117F98}.Debug|Any CPU.ActiveCfg = Debug|Any CPU
		{AC832C4C-B241-41BB-891B-9D2232117F98}.Debug|Any CPU.Build.0 = Debug|Any CPU
		{AC832C4C-B241-41BB-891B-9D2232117F98}.Release|Any CPU.ActiveCfg = Release|Any CPU
		{AC832C4C-B241-41BB-891B-9D2232117F98}.Release|Any CPU.Build.0 = Release|Any CPU
		{F6879622-E481-49D1-9C39-792A6FF8F4F6}.Debug|Any CPU.ActiveCfg = Debug|Any CPU
		{F6879622-E481-49D1-9C39-792A6FF8F4F6}.Debug|Any CPU.Build.0 = Debug|Any CPU
		{F6879622-E481-49D1-9C39-792A6FF8F4F6}.Release|Any CPU.ActiveCfg = Release|Any CPU
		{F6879622-E481-49D1-9C39-792A6FF8F4F6}.Release|Any CPU.Build.0 = Release|Any CPU
		{E4D2FE89-5211-4CD1-9AD8-E8E23BD87F1D}.Debug|Any CPU.ActiveCfg = Debug|Any CPU
		{E4D2FE89-5211-4CD1-9AD8-E8E23BD87F1D}.Debug|Any CPU.Build.0 = Debug|Any CPU
		{E4D2FE89-5211-4CD1-9AD8-E8E23BD87F1D}.Release|Any CPU.ActiveCfg = Release|Any CPU
		{E4D2FE89-5211-4CD1-9AD8-E8E23BD87F1D}.Release|Any CPU.Build.0 = Release|Any CPU
		{C21CA39C-73A4-42E3-B173-AC8EF2EE3633}.Debug|Any CPU.ActiveCfg = Debug|Any CPU
		{C21CA39C-73A4-42E3-B173-AC8EF2EE3633}.Debug|Any CPU.Build.0 = Debug|Any CPU
		{C21CA39C-73A4-42E3-B173-AC8EF2EE3633}.Release|Any CPU.ActiveCfg = Release|Any CPU
		{C21CA39C-73A4-42E3-B173-AC8EF2EE3633}.Release|Any CPU.Build.0 = Release|Any CPU
		{E917C9D3-1847-4A82-BA6F-4CE130AC2519}.Debug|Any CPU.ActiveCfg = Debug|Any CPU
		{E917C9D3-1847-4A82-BA6F-4CE130AC2519}.Debug|Any CPU.Build.0 = Debug|Any CPU
		{E917C9D3-1847-4A82-BA6F-4CE130AC2519}.Release|Any CPU.ActiveCfg = Release|Any CPU
		{E917C9D3-1847-4A82-BA6F-4CE130AC2519}.Release|Any CPU.Build.0 = Release|Any CPU
	EndGlobalSection
	GlobalSection(SolutionProperties) = preSolution
		HideSolutionNode = FALSE
	EndGlobalSection
	GlobalSection(NestedProjects) = preSolution
		{048CE245-4CFF-4A32-B719-1EF4032CE327} = {02EA681E-C7D8-13C7-8484-4AC65E1B71E8}
		{7C82254C-FEC2-4815-8531-EC8F9423FB61} = {048CE245-4CFF-4A32-B719-1EF4032CE327}
		{BFEB43F8-23FF-49DE-9E7B-5183390328F2} = {476EDFCB-ED1D-4512-963D-D02C103FB0BD}
		{C01A96D0-F6B0-4207-AE34-939054521BE4} = {02EA681E-C7D8-13C7-8484-4AC65E1B71E8}
		{7FC937BC-57E6-4D90-AB7B-A1F461468E70} = {C01A96D0-F6B0-4207-AE34-939054521BE4}
		{FFFDACE0-90D2-40D1-9B04-55B1855D2F75} = {02EA681E-C7D8-13C7-8484-4AC65E1B71E8}
		{96A0D04D-8D9C-445C-BEFE-2F66115B6527} = {FFFDACE0-90D2-40D1-9B04-55B1855D2F75}
		{6C16C292-D848-4F78-9C38-1A14180AA6B7} = {02EA681E-C7D8-13C7-8484-4AC65E1B71E8}
		{AC832C4C-B241-41BB-891B-9D2232117F98} = {6C16C292-D848-4F78-9C38-1A14180AA6B7}
		{F6879622-E481-49D1-9C39-792A6FF8F4F6} = {6C16C292-D848-4F78-9C38-1A14180AA6B7}
		{E4D2FE89-5211-4CD1-9AD8-E8E23BD87F1D} = {6C16C292-D848-4F78-9C38-1A14180AA6B7}
		{C21CA39C-73A4-42E3-B173-AC8EF2EE3633} = {6C16C292-D848-4F78-9C38-1A14180AA6B7}
		{E917C9D3-1847-4A82-BA6F-4CE130AC2519} = {476EDFCB-ED1D-4512-963D-D02C103FB0BD}
	EndGlobalSection
	GlobalSection(ExtensibilityGlobals) = postSolution
		SolutionGuid = {C54F184B-AC99-4CBF-9F44-0510AF7E5EA4}
	EndGlobalSection
EndGlobal
